
Microsoft Visual Studio Solution File, Format Version 12.00
# Visual Studio Version 17
VisualStudioVersion = 17.8.34511.84
MinimumVisualStudioVersion = 10.0.40219.1
Project("{FAE04EC0-301F-11D3-BF4B-00C04F79EFBC}") = "clipboardLibrary", "clipboardLibrary.csproj", "{3A795E57-4C77-419F-A0AB-1A81E5BE431C}"
EndProject
Global
	GlobalSection(SolutionConfigurationPlatforms) = preSolution
		Debug|Any CPU = Debug|Any CPU
		Release|Any CPU = Release|Any CPU
	EndGlobalSection
	GlobalSection(ProjectConfigurationPlatforms) = postSolution
		{3A795E57-4C77-419F-A0AB-1A81E5BE431C}.Debug|Any CPU.ActiveCfg = Debug|Any CPU
		{3A795E57-4C77-419F-A0AB-1A81E5BE431C}.Debug|Any CPU.Build.0 = Debug|Any CPU
		{3A795E57-4C77-419F-A0AB-1A81E5BE431C}.Debug|Any CPU.Deploy.0 = Debug|Any CPU
		{3A795E57-4C77-419F-A0AB-1A81E5BE431C}.Release|Any CPU.ActiveCfg = Release|Any CPU
		{3A795E57-4C77-419F-A0AB-1A81E5BE431C}.Release|Any CPU.Build.0 = Release|Any CPU
		{3A795E57-4C77-419F-A0AB-1A81E5BE431C}.Release|Any CPU.Deploy.0 = Release|Any CPU
	EndGlobalSection
	GlobalSection(SolutionProperties) = preSolution
		HideSolutionNode = FALSE
	EndGlobalSection
	GlobalSection(ExtensibilityGlobals) = postSolution
		SolutionGuid = {AD751907-27AE-458A-8FF4-52F5B49B43A1}
	EndGlobalSection
EndGlobal
